PODS:
  - Kingfisher (5.13.0):
    - Kingfisher/Core (= 5.13.0)
  - Kingfisher/Core (5.13.0)
  - Swinject (2.7.1)

DEPENDENCIES:
  - Kingfisher (~> 5.0)
  - Swinject

SPEC REPOS:
  trunk:
    - Kingfisher
    - Swinject

SPEC CHECKSUMS:
  Kingfisher: 0d334cada987fcddbe9b5cec516406e1ee9d4748
  Swinject: ddf78b8486dd9b71a667b852cad919ab4484478e

PODFILE CHECKSUM: 920d9cdbeaa7dd8daa848d421a369e3ed7c9c6ee

COCOAPODS: 1.9.0.beta.2
